
Microsoft Visual Studio Solution File, Format Version 12.00
# Visual Studio Version 16
VisualStudioVersion = 16.0.32802.440
MinimumVisualStudioVersion = 10.0.40219.1
Project("{FAE04EC0-301F-11D3-BF4B-00C04F79EFBC}") = "WinFormsApp1", "WinFormsApp1\WinFormsApp1.csproj", "{12AD15B0-70A9-4414-A531-77F938CA49CE}"
EndProject
Global
	GlobalSection(SolutionConfigurationPlatforms) = preSolution
		Debug|Any CPU = Debug|Any CPU
		Release|Any CPU = Release|Any CPU
	EndGlobalSection
	GlobalSection(ProjectConfigurationPlatforms) = postSolution
		{12AD15B0-70A9-4414-A531-77F938CA49CE}.Debug|Any CPU.ActiveCfg = Debug|Any CPU
		{12AD15B0-70A9-4414-A531-77F938CA49CE}.Debug|Any CPU.Build.0 = Debug|Any CPU
		{12AD15B0-70A9-4414-A531-77F938CA49CE}.Release|Any CPU.ActiveCfg = Release|Any CPU
		{12AD15B0-70A9-4414-A531-77F938CA49CE}.Release|Any CPU.Build.0 = Release|Any CPU
	EndGlobalSection
	GlobalSection(SolutionProperties) = preSolution
		HideSolutionNode = FALSE
	EndGlobalSection
	GlobalSection(ExtensibilityGlobals) = postSolution
		SolutionGuid = {FC1DD4F5-C679-4372-9FB5-C8ACA40FC043}
	EndGlobalSection
EndGlobal
